<?xml version="1.0" encoding="utf-8"?>
<Project ToolsVersion="4.0" xmlns="http://schemas.microsoft.com/developer/msbuild/2003">
  <ItemGroup>
    <Filter Include="Source Files">
      <UniqueIdentifier>{4FC737F1-C7A5-4376-A066-2A32D752A2FF}</UniqueIdentifier>
      <Extensions>cpp;c;cc;cxx;def;odl;idl;hpj;bat;asm;asmx</Extensions>
    </Filter>
    <Filter Include="Framework">
      <UniqueIdentifier>{f4833469-2bcd-4d40-9034-314ee972093d}</UniqueIdentifier>
    </Filter>
    <Filter Include="Object">
      <UniqueIdentifier>{f7d71fd3-3290-419d-a427-a27d21c6ea3c}</UniqueIdentifier>
    </Filter>
    <Filter Include="Framework\Debug">
      <UniqueIdentifier>{b16f5235-534d-41ff-8bcf-e12399554991}</UniqueIdentifier>
    </Filter>
    <Filter Include="Framework\Define">
      <UniqueIdentifier>{41bd16d3-ad83-4cdb-8df4-87ea04d199a8}</UniqueIdentifier>
    </Filter>
    <Filter Include="Framework\Animation">
      <UniqueIdentifier>{7578c2c5-95a0-4403-8132-23fe06c9ea2e}</UniqueIdentifier>
    </Filter>
    <Filter Include="Framework\Scene">
      <UniqueIdentifier>{380e1e80-d599-4b61-8c1b-091de808652d}</UniqueIdentifier>
    </Filter>
    <Filter Include="Framework\Camera">
      <UniqueIdentifier>{5cda631b-f4f1-4cf0-b50f-1dc90f20794b}</UniqueIdentifier>
    </Filter>
    <Filter Include="Framework\Map">
      <UniqueIdentifier>{ed34c05e-4dc6-4da8-9809-eeadc1b43b94}</UniqueIdentifier>
    </Filter>
    <Filter Include="Framework\Scene\SceneIntro">
      <UniqueIdentifier>{1b9def19-79a7-4eff-ae01-2b9a8e8ebab8}</UniqueIdentifier>
    </Filter>
    <Filter Include="Player">
      <UniqueIdentifier>{936f91a0-15b2-46a3-8f99-fd1e189c4889}</UniqueIdentifier>
    </Filter>
    <Filter Include="Framework\Grid">
      <UniqueIdentifier>{1319745b-00c6-4c43-8945-dbfde09bf875}</UniqueIdentifier>
    </Filter>
    <Filter Include="Object\Ground">
      <UniqueIdentifier>{115f64c0-79d4-43cc-8282-6876ead46072}</UniqueIdentifier>
    </Filter>
    <Filter Include="Object\Weapon">
      <UniqueIdentifier>{469d615e-bd64-4075-a3b4-801480420e22}</UniqueIdentifier>
    </Filter>
    <Filter Include="Object\Item">
      <UniqueIdentifier>{dd4f61c5-ccd2-47be-ac57-a223c60b9130}</UniqueIdentifier>
    </Filter>
    <Filter Include="Framework\Board">
      <UniqueIdentifier>{e994e4ee-00cd-415e-b786-3fb1531c82ab}</UniqueIdentifier>
    </Filter>
    <Filter Include="Framework\Board\Font">
      <UniqueIdentifier>{b0ee7c7e-b908-47ce-8a33-3219bb2e78f1}</UniqueIdentifier>
    </Filter>
    <Filter Include="Object\Effect">
      <UniqueIdentifier>{c300f12f-c4f2-49e0-8176-a9dea962a219}</UniqueIdentifier>
    </Filter>
  </ItemGroup>
  <ItemGroup>
    <ClCompile Include="main.cpp">
      <Filter>Source Files</Filter>
    </ClCompile>
    <ClCompile Include="debug.cpp">
      <Filter>Framework\Debug</Filter>
    </ClCompile>
    <ClCompile Include="define.cpp">
      <Filter>Framework\Define</Filter>
    </ClCompile>
    <ClCompile Include="Scene.cpp">
      <Filter>Framework\Scene</Filter>
    </ClCompile>
    <ClCompile Include="SceneManager.cpp">
      <Filter>Framework\Scene</Filter>
    </ClCompile>
    <ClCompile Include="Game.cpp">
      <Filter>Framework</Filter>
    </ClCompile>
    <ClCompile Include="GameObject.cpp">
      <Filter>Object</Filter>
    </ClCompile>
    <ClCompile Include="Camera.cpp">
      <Filter>Framework\Camera</Filter>
    </ClCompile>
    <ClCompile Include="TextureManager.cpp">
      <Filter>Framework\Animation</Filter>
    </ClCompile>
    <ClCompile Include="Map.cpp">
      <Filter>Framework\Map</Filter>
    </ClCompile>
    <ClCompile Include="Simon.cpp">
      <Filter>Player</Filter>
    </ClCompile>
    <ClCompile Include="Grid.cpp">
      <Filter>Framework\Grid</Filter>
    </ClCompile>
    <ClCompile Include="Brick.cpp">
      <Filter>Object\Ground</Filter>
    </ClCompile>
    <ClCompile Include="Sprite.cpp">
      <Filter>Framework\Animation</Filter>
    </ClCompile>
    <ClCompile Include="Texture.cpp">
      <Filter>Framework\Animation</Filter>
    </ClCompile>
    <ClCompile Include="Torch.cpp">
      <Filter>Object\Ground</Filter>
    </ClCompile>
    <ClCompile Include="MorningStar.cpp">
      <Filter>Object\Weapon</Filter>
    </ClCompile>
    <ClCompile Include="Weapon.cpp">
      <Filter>Object\Weapon</Filter>
    </ClCompile>
    <ClCompile Include="Dagger.cpp">
      <Filter>Object\Weapon</Filter>
    </ClCompile>
    <ClCompile Include="Item.cpp">
      <Filter>Object\Item</Filter>
    </ClCompile>
    <ClCompile Include="Bonus.cpp">
      <Filter>Object\Item</Filter>
    </ClCompile>
    <ClCompile Include="LargeHeart.cpp">
      <Filter>Object\Item</Filter>
    </ClCompile>
    <ClCompile Include="Board.cpp">
      <Filter>Framework\Board</Filter>
    </ClCompile>
    <ClCompile Include="Font.cpp">
      <Filter>Framework\Board\Font</Filter>
    </ClCompile>
    <ClCompile Include="BoardHealth.cpp">
      <Filter>Framework\Board</Filter>
    </ClCompile>
    <ClCompile Include="ItemDagger.cpp">
      <Filter>Object\Item</Filter>
    </ClCompile>
    <ClCompile Include="UpgradeMorningStar.cpp">
      <Filter>Object\Item</Filter>
    </ClCompile>
    <ClCompile Include="MoneyBag.cpp">
      <Filter>Object\Item</Filter>
    </ClCompile>
    <ClCompile Include="Effect.cpp">
      <Filter>Object\Effect</Filter>
    </ClCompile>
    <ClCompile Include="Hit.cpp">
      <Filter>Object\Effect</Filter>
    </ClCompile>
    <ClCompile Include="Fire.cpp">
      <Filter>Object\Effect</Filter>
    </ClCompile>
    <ClCompile Include="MainScene.cpp">
      <Filter>Framework\Scene</Filter>
    </ClCompile>
    <ClCompile Include="HiddenObject.cpp">
      <Filter>Object</Filter>
    </ClCompile>
    <ClCompile Include="Candle.cpp">
      <Filter>Object\Ground</Filter>
    </ClCompile>
    <ClCompile Include="StairTop.cpp">
      <Filter>Object\Ground</Filter>
    </ClCompile>
    <ClCompile Include="StairBottom.cpp">
      <Filter>Object\Ground</Filter>
    </ClCompile>
    <ClCompile Include="Gate.cpp">
      <Filter>Object\Ground</Filter>
    </ClCompile>
    <ClCompile Include="MoneyEffect.cpp">
      <Filter>Object\Effect</Filter>
    </ClCompile>
    <ClCompile Include="SmallHeart.cpp">
      <Filter>Object\Item</Filter>
    </ClCompile>
    <ClCompile Include="BrokenBrick.cpp">
      <Filter>Object\Effect</Filter>
    </ClCompile>
  </ItemGroup>
  <ItemGroup>
    <ClInclude Include="debug.h">
      <Filter>Framework\Debug</Filter>
    </ClInclude>
    <ClInclude Include="define.h">
      <Filter>Framework\Define</Filter>
    </ClInclude>
    <ClInclude Include="Scene.h">
      <Filter>Framework\Scene</Filter>
    </ClInclude>
    <ClInclude Include="SceneManager.h">
      <Filter>Framework\Scene</Filter>
    </ClInclude>
    <ClInclude Include="Game.h">
      <Filter>Framework</Filter>
    </ClInclude>
    <ClInclude Include="GameObject.h">
      <Filter>Object</Filter>
    </ClInclude>
    <ClInclude Include="Camera.h">
      <Filter>Framework\Camera</Filter>
    </ClInclude>
    <ClInclude Include="TextureManager.h">
      <Filter>Framework\Animation</Filter>
    </ClInclude>
    <ClInclude Include="Map.h">
      <Filter>Framework\Map</Filter>
    </ClInclude>
    <ClInclude Include="Simon.h">
      <Filter>Player</Filter>
    </ClInclude>
    <ClInclude Include="Grid.h">
      <Filter>Framework\Grid</Filter>
    </ClInclude>
    <ClInclude Include="Brick.h">
      <Filter>Object\Ground</Filter>
    </ClInclude>
    <ClInclude Include="Sprite.h">
      <Filter>Framework\Animation</Filter>
    </ClInclude>
    <ClInclude Include="Texture.h">
      <Filter>Framework\Animation</Filter>
    </ClInclude>
    <ClInclude Include="Torch.h">
      <Filter>Object\Ground</Filter>
    </ClInclude>
    <ClInclude Include="MorningStar.h">
      <Filter>Object\Weapon</Filter>
    </ClInclude>
    <ClInclude Include="Weapon.h">
      <Filter>Object\Weapon</Filter>
    </ClInclude>
    <ClInclude Include="Dagger.h">
      <Filter>Object\Weapon</Filter>
    </ClInclude>
    <ClInclude Include="Item.h">
      <Filter>Object\Item</Filter>
    </ClInclude>
    <ClInclude Include="Bonus.h">
      <Filter>Object\Item</Filter>
    </ClInclude>
    <ClInclude Include="LargeHeart.h">
      <Filter>Object\Item</Filter>
    </ClInclude>
    <ClInclude Include="Board.h">
      <Filter>Framework\Board</Filter>
    </ClInclude>
    <ClInclude Include="Font.h">
      <Filter>Framework\Board\Font</Filter>
    </ClInclude>
    <ClInclude Include="BoardHealth.h">
      <Filter>Framework\Board</Filter>
    </ClInclude>
    <ClInclude Include="ItemDagger.h">
      <Filter>Object\Item</Filter>
    </ClInclude>
    <ClInclude Include="UpgradeMorningStar.h">
      <Filter>Object\Item</Filter>
    </ClInclude>
    <ClInclude Include="MoneyBag.h">
      <Filter>Object\Item</Filter>
    </ClInclude>
    <ClInclude Include="Effect.h">
      <Filter>Object\Effect</Filter>
    </ClInclude>
    <ClInclude Include="Hit.h">
      <Filter>Object\Effect</Filter>
    </ClInclude>
    <ClInclude Include="Fire.h">
      <Filter>Object\Effect</Filter>
    </ClInclude>
    <ClInclude Include="MainScene.h">
      <Filter>Framework\Scene</Filter>
    </ClInclude>
    <ClInclude Include="HiddenObject.h">
      <Filter>Object</Filter>
    </ClInclude>
    <ClInclude Include="Candle.h">
      <Filter>Object\Ground</Filter>
    </ClInclude>
    <ClInclude Include="StairTop.h">
      <Filter>Object\Ground</Filter>
    </ClInclude>
    <ClInclude Include="StairBottom.h">
      <Filter>Object\Ground</Filter>
    </ClInclude>
    <ClInclude Include="Gate.h">
      <Filter>Object\Ground</Filter>
    </ClInclude>
    <ClInclude Include="MoneyEffect.h">
      <Filter>Object\Effect</Filter>
    </ClInclude>
    <ClInclude Include="SmallHeart.h">
      <Filter>Object\Item</Filter>
    </ClInclude>
    <ClInclude Include="BrokenBrick.h">
      <Filter>Object\Effect</Filter>
    </ClInclude>
  </ItemGroup>
</Project>